
Microsoft Visual Studio Solution File, Format Version 12.00
# Visual Studio Version 17
VisualStudioVersion = 17.0.31912.275
MinimumVisualStudioVersion = 10.0.40219.1
Project("{FAE04EC0-301F-11D3-BF4B-00C04F79EFBC}") = "Mickey", "Mickey.csproj", "{9FDF8830-1D9B-45EF-8B0E-EA505E6209D9}"
EndProject
Global
	GlobalSection(SolutionConfigurationPlatforms) = preSolution
		Debug|Any CPU = Debug|Any CPU
		Release|Any CPU = Release|Any CPU
	EndGlobalSection
	GlobalSection(ProjectConfigurationPlatforms) = postSolution
		{9FDF8830-1D9B-45EF-8B0E-EA505E6209D9}.Debug|Any CPU.ActiveCfg = Debug|Any CPU
		{9FDF8830-1D9B-45EF-8B0E-EA505E6209D9}.Debug|Any CPU.Build.0 = Debug|Any CPU
		{9FDF8830-1D9B-45EF-8B0E-EA505E6209D9}.Release|Any CPU.ActiveCfg = Release|Any CPU
		{9FDF8830-1D9B-45EF-8B0E-EA505E6209D9}.Release|Any CPU.Build.0 = Release|Any CPU
	EndGlobalSection
	GlobalSection(SolutionProperties) = preSolution
		HideSolutionNode = FALSE
	EndGlobalSection
	GlobalSection(ExtensibilityGlobals) = postSolution
		SolutionGuid = {CDD3B1E3-F644-4640-B0E5-15A422CD72B3}
	EndGlobalSection
EndGlobal
